
Microsoft Visual Studio Solution File, Format Version 12.00
# Visual Studio Version 16
VisualStudioVersion = 16.0.28803.352
MinimumVisualStudioVersion = 10.0.40219.1
Project("{FAE04EC0-301F-11D3-BF4B-00C04F79EFBC}") = "LinkedDockingManager", "LinkedDockingManager.csproj", "{A390959B-908C-4EFC-A6CF-951EDA173029}"
EndProject
Global
	GlobalSection(SolutionConfigurationPlatforms) = preSolution
		Debug|Any CPU = Debug|Any CPU
		Release|Any CPU = Release|Any CPU
	EndGlobalSection
	GlobalSection(ProjectConfigurationPlatforms) = postSolution
		{A390959B-908C-4EFC-A6CF-951EDA173029}.Debug|Any CPU.ActiveCfg = Debug|Any CPU
		{A390959B-908C-4EFC-A6CF-951EDA173029}.Debug|Any CPU.Build.0 = Debug|Any CPU
		{A390959B-908C-4EFC-A6CF-951EDA173029}.Release|Any CPU.ActiveCfg = Release|Any CPU
		{A390959B-908C-4EFC-A6CF-951EDA173029}.Release|Any CPU.Build.0 = Release|Any CPU
	EndGlobalSection
	GlobalSection(SolutionProperties) = preSolution
		HideSolutionNode = FALSE
	EndGlobalSection
	GlobalSection(ExtensibilityGlobals) = postSolution
		SolutionGuid = {BF4916AA-8BE4-46B2-8EA4-4B8360B60590}
	EndGlobalSection
EndGlobal
